{
    "_meta": {
        "hash": {
            "sha256": "8653228d8de7ee442f7436de7058a216fb0906ac74b5d7ea2cb5dbb55ba2ddbc"
        },
        "pipfile-spec": 6,
        "requires": {
            "python_version": "3.8"
        },
        "sources": [
            {
                "name": "pypi",
                "url": "https://pypi.org/simple",
                "verify_ssl": true
            }
        ]
    },
    "default": {
        "astunparse": {
            "hashes": [
                "sha256:5ad93a8456f0d084c3456d059fd9a92cce667963232cbf763eac3bc5b7940872",
                "sha256:c2652417f2c8b5bb325c885ae329bdf3f86424075c4fd1a128674bc6fba4b8e8"
            ],
            "index": "pypi",
            "version": "==1.6.3"
        },
        "six": {
            "hashes": [
                "sha256:30639c035cdb23534cd4aa2dd52c3bf48f06e5f4a941509c8bafd8ce11080259",
                "sha256:8b74bedcbbbaca38ff6d7491d76f2b06b3592611af620f8426e82dddb04a5ced"
            ],
            "version": "==1.15.0"
        },
        "wheel": {
            "hashes": [
                "sha256:497add53525d16c173c2c1c733b8f655510e909ea78cc0e29d374243544b77a2",
                "sha256:99a22d87add3f634ff917310a3d87e499f19e663413a52eb9232c447aa646c9f"
            ],
            "version": "==0.35.1"
        }
    },
    "develop": {}
}
